
Microsoft Visual Studio Solution File, Format Version 11.00
# Visual Studio 2010
Project("{FAE04EC0-301F-11D3-BF4B-00C04F79EFBC}") = "GameClient", "GameClient\GameClient\GameClient.csproj", "{607D4936-7B71-443F-8E43-95AAFA681DFF}"
EndProject
Project("{96E2B04D-8817-42C6-938A-82C39BA4D311}") = "GameClientContent", "GameClient\GameClientContent\GameClientContent.contentproj", "{497D132F-0BCB-4151-823F-3130771FFBF7}"
EndProject
Global
	GlobalSection(SolutionConfigurationPlatforms) = preSolution
		Debug|Any CPU = Debug|Any CPU
		Debug|x86 = Debug|x86
		Release|Any CPU = Release|Any CPU
		Release|x86 = Release|x86
	EndGlobalSection
	GlobalSection(ProjectConfigurationPlatforms) = postSolution
		{607D4936-7B71-443F-8E43-95AAFA681DFF}.Debug|Any CPU.ActiveCfg = Debug|x86
		{607D4936-7B71-443F-8E43-95AAFA681DFF}.Debug|x86.ActiveCfg = Debug|x86
		{607D4936-7B71-443F-8E43-95AAFA681DFF}.Debug|x86.Build.0 = Debug|x86
		{607D4936-7B71-443F-8E43-95AAFA681DFF}.Release|Any CPU.ActiveCfg = Release|x86
		{607D4936-7B71-443F-8E43-95AAFA681DFF}.Release|x86.ActiveCfg = Release|x86
		{607D4936-7B71-443F-8E43-95AAFA681DFF}.Release|x86.Build.0 = Release|x86
		{497D132F-0BCB-4151-823F-3130771FFBF7}.Debug|Any CPU.ActiveCfg = Debug|x86
		{497D132F-0BCB-4151-823F-3130771FFBF7}.Debug|x86.ActiveCfg = Debug|x86
		{497D132F-0BCB-4151-823F-3130771FFBF7}.Release|Any CPU.ActiveCfg = Release|x86
		{497D132F-0BCB-4151-823F-3130771FFBF7}.Release|x86.ActiveCfg = Release|x86
	EndGlobalSection
	GlobalSection(SolutionProperties) = preSolution
		HideSolutionNode = FALSE
	EndGlobalSection
EndGlobal
